// !$*UTF8*$!
{
	archiveVersion = 1;
	classes = {
	};
	objectVersion = 56;
	objects = {

/* Begin PBXBuildFile section */
		9E76B1CF2A1A5BED0002C7BB /* AppDelegate.swift in Sources */ = {isa = PBXBuildFile; fileRef = 9E76B1CE2A1A5BED0002C7BB /* AppDelegate.swift */; };
		9E76B1D12A1A5BED0002C7BB /* SceneDelegate.swift in Sources */ = {isa = PBXBuildFile; fileRef = 9E76B1D02A1A5BED0002C7BB /* SceneDelegate.swift */; };
		9E76B1D32A1A5BED0002C7BB /* ViewController.swift in Sources */ = {isa = PBXBuildFile; fileRef = 9E76B1D22A1A5BED0002C7BB /* ViewController.swift */; };
		9E76B1DB2A1A5BEE0002C7BB /* LaunchScreen.storyboard in Resources */ = {isa = PBXBuildFile; fileRef = 9E76B1D92A1A5BEE0002C7BB /* LaunchScreen.storyboard */; };
		9E76B1E62A1A5BEE0002C7BB /* iOS_MvvmPattern_Study_02Tests.swift in Sources */ = {isa = PBXBuildFile; fileRef = 9E76B1E52A1A5BEE0002C7BB /* iOS_MvvmPattern_Study_02Tests.swift */; };
		9E76B1F02A1A5BEE0002C7BB /* iOS_MvvmPattern_Study_02UITests.swift in Sources */ = {isa = PBXBuildFile; fileRef = 9E76B1EF2A1A5BEE0002C7BB /* iOS_MvvmPattern_Study_02UITests.swift */; };
		9E76B1F22A1A5BEE0002C7BB /* iOS_MvvmPattern_Study_02UITestsLaunchTests.swift in Sources */ = {isa = PBXBuildFile; fileRef = 9E76B1F12A1A5BEE0002C7BB /* iOS_MvvmPattern_Study_02UITestsLaunchTests.swift */; };
		9E76B2032A1A5F170002C7BB /* Observable.swift in Sources */ = {isa = PBXBuildFile; fileRef = 9E76B2022A1A5F170002C7BB /* Observable.swift */; };
		9E8A55DC2A1B08AD008300CA /* WeatherViewController.swift in Sources */ = {isa = PBXBuildFile; fileRef = 9E8A55DB2A1B08AD008300CA /* WeatherViewController.swift */; };
		9E8A55DF2A1B094C008300CA /* WeatherAPI.swift in Sources */ = {isa = PBXBuildFile; fileRef = 9E8A55DE2A1B094C008300CA /* WeatherAPI.swift */; };
		9E8A55E12A1B0B01008300CA /* WeatherNetworkManager.swift in Sources */ = {isa = PBXBuildFile; fileRef = 9E8A55E02A1B0B01008300CA /* WeatherNetworkManager.swift */; };
		9E8A55E42A1B0C80008300CA /* APIKey.swift in Sources */ = {isa = PBXBuildFile; fileRef = 9E8A55E32A1B0C80008300CA /* APIKey.swift */; };
		9E8A55E72A1B0DA7008300CA /* WeatherTableViewCell.swift in Sources */ = {isa = PBXBuildFile; fileRef = 9E8A55E62A1B0DA7008300CA /* WeatherTableViewCell.swift */; };
		9E8A55E92A1B1FE3008300CA /* WeatherTableView.swift in Sources */ = {isa = PBXBuildFile; fileRef = 9E8A55E82A1B1FE3008300CA /* WeatherTableView.swift */; };
		9EDE50842A1B869800833970 /* Entity.swift in Sources */ = {isa = PBXBuildFile; fileRef = 9EDE50832A1B869800833970 /* Entity.swift */; };
		9EDE50862A1B896600833970 /* WeatherTableViewModel.swift in Sources */ = {isa = PBXBuildFile; fileRef = 9EDE50852A1B896600833970 /* WeatherTableViewModel.swift */; };
		9EDE50882A1F837500833970 /* TagCollectionView.swift in Sources */ = {isa = PBXBuildFile; fileRef = 9EDE50872A1F837500833970 /* TagCollectionView.swift */; };
		9EDE508B2A1F842D00833970 /* TagViewCollectionViewCell.swift in Sources */ = {isa = PBXBuildFile; fileRef = 9EDE508A2A1F842D00833970 /* TagViewCollectionViewCell.swift */; };
		9EDE508D2A1F8A9D00833970 /* TagCellData.swift in Sources */ = {isa = PBXBuildFile; fileRef = 9EDE508C2A1F8A9D00833970 /* TagCellData.swift */; };
/* End PBXBuildFile section */

/* Begin PBXContainerItemProxy section */
		9E76B1E22A1A5BEE0002C7BB /* PBXContainerItemProxy */ = {
			isa = PBXContainerItemProxy;
			containerPortal = 9E76B1C32A1A5BED0002C7BB /* Project object */;
			proxyType = 1;
			remoteGlobalIDString = 9E76B1CA2A1A5BED0002C7BB;
			remoteInfo = iOS_MvvmPattern_Study_02;
		};
		9E76B1EC2A1A5BEE0002C7BB /* PBXContainerItemProxy */ = {
			isa = PBXContainerItemProxy;
			containerPortal = 9E76B1C32A1A5BED0002C7BB /* Project object */;
			proxyType = 1;
			remoteGlobalIDString = 9E76B1CA2A1A5BED0002C7BB;
			remoteInfo = iOS_MvvmPattern_Study_02;
		};
/* End PBXContainerItemProxy section */

/* Begin PBXFileReference section */
		9E76B1CB2A1A5BED0002C7BB /* iOS_MvvmPattern_Study_02.app */ = {isa = PBXFileReference; explicitFileType = wrapper.application; includeInIndex = 0; path = iOS_MvvmPattern_Study_02.app; sourceTree = BUILT_PRODUCTS_DIR; };
		9E76B1CE2A1A5BED0002C7BB /* AppDelegate.swift */ = {isa = PBXFileReference; lastKnownFileType = sourcecode.swift; path = AppDelegate.swift; sourceTree = "<group>"; };
		9E76B1D02A1A5BED0002C7BB /* SceneDelegate.swift */ = {isa = PBXFileReference; lastKnownFileType = sourcecode.swift; path = SceneDelegate.swift; sourceTree = "<group>"; };
		9E76B1D22A1A5BED0002C7BB /* ViewController.swift */ = {isa = PBXFileReference; lastKnownFileType = sourcecode.swift; path = ViewController.swift; sourceTree = "<group>"; };
		9E76B1DA2A1A5BEE0002C7BB /* Base */ = {isa = PBXFileReference; lastKnownFileType = file.storyboard; name = Base; path = Base.lproj/LaunchScreen.storyboard; sourceTree = "<group>"; };
		9E76B1DC2A1A5BEE0002C7BB /* Info.plist */ = {isa = PBXFileReference; lastKnownFileType = text.plist.xml; path = Info.plist; sourceTree = "<group>"; };
		9E76B1E12A1A5BEE0002C7BB /* iOS_MvvmPattern_Study_02Tests.xctest */ = {isa = PBXFileReference; explicitFileType = wrapper.cfbundle; includeInIndex = 0; path = iOS_MvvmPattern_Study_02Tests.xctest; sourceTree = BUILT_PRODUCTS_DIR; };
		9E76B1E52A1A5BEE0002C7BB /* iOS_MvvmPattern_Study_02Tests.swift */ = {isa = PBXFileReference; lastKnownFileType = sourcecode.swift; path = iOS_MvvmPattern_Study_02Tests.swift; sourceTree = "<group>"; };
		9E76B1EB2A1A5BEE0002C7BB /* iOS_MvvmPattern_Study_02UITests.xctest */ = {isa = PBXFileReference; explicitFileType = wrapper.cfbundle; includeInIndex = 0; path = iOS_MvvmPattern_Study_02UITests.xctest; sourceTree = BUILT_PRODUCTS_DIR; };
		9E76B1EF2A1A5BEE0002C7BB /* iOS_MvvmPattern_Study_02UITests.swift */ = {isa = PBXFileReference; lastKnownFileType = sourcecode.swift; path = iOS_MvvmPattern_Study_02UITests.swift; sourceTree = "<group>"; };
		9E76B1F12A1A5BEE0002C7BB /* iOS_MvvmPattern_Study_02UITestsLaunchTests.swift */ = {isa = PBXFileReference; lastKnownFileType = sourcecode.swift; path = iOS_MvvmPattern_Study_02UITestsLaunchTests.swift; sourceTree = "<group>"; };
		9E76B2022A1A5F170002C7BB /* Observable.swift */ = {isa = PBXFileReference; lastKnownFileType = sourcecode.swift; path = Observable.swift; sourceTree = "<group>"; };
		9E8A55DB2A1B08AD008300CA /* WeatherViewController.swift */ = {isa = PBXFileReference; lastKnownFileType = sourcecode.swift; path = WeatherViewController.swift; sourceTree = "<group>"; };
		9E8A55DE2A1B094C008300CA /* WeatherAPI.swift */ = {isa = PBXFileReference; lastKnownFileType = sourcecode.swift; path = WeatherAPI.swift; sourceTree = "<group>"; };
		9E8A55E02A1B0B01008300CA /* WeatherNetworkManager.swift */ = {isa = PBXFileReference; lastKnownFileType = sourcecode.swift; path = WeatherNetworkManager.swift; sourceTree = "<group>"; };
		9E8A55E32A1B0C80008300CA /* APIKey.swift */ = {isa = PBXFileReference; lastKnownFileType = sourcecode.swift; path = APIKey.swift; sourceTree = "<group>"; };
		9E8A55E62A1B0DA7008300CA /* WeatherTableViewCell.swift */ = {isa = PBXFileReference; lastKnownFileType = sourcecode.swift; path = WeatherTableViewCell.swift; sourceTree = "<group>"; };
		9E8A55E82A1B1FE3008300CA /* WeatherTableView.swift */ = {isa = PBXFileReference; lastKnownFileType = sourcecode.swift; path = WeatherTableView.swift; sourceTree = "<group>"; };
		9EDE50832A1B869800833970 /* Entity.swift */ = {isa = PBXFileReference; lastKnownFileType = sourcecode.swift; path = Entity.swift; sourceTree = "<group>"; };
		9EDE50852A1B896600833970 /* WeatherTableViewModel.swift */ = {isa = PBXFileReference; lastKnownFileType = sourcecode.swift; name = WeatherTableViewModel.swift; path = ../../../../../../../Documents/WeatherTableViewModel.swift; sourceTree = "<group>"; };
		9EDE50872A1F837500833970 /* TagCollectionView.swift */ = {isa = PBXFileReference; lastKnownFileType = sourcecode.swift; path = TagCollectionView.swift; sourceTree = "<group>"; };
		9EDE508A2A1F842D00833970 /* TagViewCollectionViewCell.swift */ = {isa = PBXFileReference; lastKnownFileType = sourcecode.swift; path = TagViewCollectionViewCell.swift; sourceTree = "<group>"; };
		9EDE508C2A1F8A9D00833970 /* TagCellData.swift */ = {isa = PBXFileReference; lastKnownFileType = sourcecode.swift; path = TagCellData.swift; sourceTree = "<group>"; };
/* End PBXFileReference section */

/* Begin PBXFrameworksBuildPhase section */
		9E76B1C82A1A5BED0002C7BB /* Frameworks */ = {
			isa = PBXFrameworksBuildPhase;
			buildActionMask = 2147483647;
			files = (
			);
			runOnlyForDeploymentPostprocessing = 0;
		};
		9E76B1DE2A1A5BEE0002C7BB /* Frameworks */ = {
			isa = PBXFrameworksBuildPhase;
			buildActionMask = 2147483647;
			files = (
			);
			runOnlyForDeploymentPostprocessing = 0;
		};
		9E76B1E82A1A5BEE0002C7BB /* Frameworks */ = {
			isa = PBXFrameworksBuildPhase;
			buildActionMask = 2147483647;
			files = (
			);
			runOnlyForDeploymentPostprocessing = 0;
		};
/* End PBXFrameworksBuildPhase section */

/* Begin PBXGroup section */
		9E76B1C22A1A5BED0002C7BB = {
			isa = PBXGroup;
			children = (
				9E76B1CD2A1A5BED0002C7BB /* iOS_MvvmPattern_Study_02 */,
				9E76B1E42A1A5BEE0002C7BB /* iOS_MvvmPattern_Study_02Tests */,
				9E76B1EE2A1A5BEE0002C7BB /* iOS_MvvmPattern_Study_02UITests */,
				9E76B1CC2A1A5BED0002C7BB /* Products */,
			);
			sourceTree = "<group>";
		};
		9E76B1CC2A1A5BED0002C7BB /* Products */ = {
			isa = PBXGroup;
			children = (
				9E76B1CB2A1A5BED0002C7BB /* iOS_MvvmPattern_Study_02.app */,
				9E76B1E12A1A5BEE0002C7BB /* iOS_MvvmPattern_Study_02Tests.xctest */,
				9E76B1EB2A1A5BEE0002C7BB /* iOS_MvvmPattern_Study_02UITests.xctest */,
			);
			name = Products;
			sourceTree = "<group>";
		};
		9E76B1CD2A1A5BED0002C7BB /* iOS_MvvmPattern_Study_02 */ = {
			isa = PBXGroup;
			children = (
				9E8A55DD2A1B08CC008300CA /* Network */,
				9E76B2012A1A5F080002C7BB /* Extension */,
				9E76B2002A1A5F030002C7BB /* Views */,
				9E76B1FF2A1A5EFD0002C7BB /* ViewModels */,
				9E76B1CE2A1A5BED0002C7BB /* AppDelegate.swift */,
				9E76B1D02A1A5BED0002C7BB /* SceneDelegate.swift */,
				9E76B1D92A1A5BEE0002C7BB /* LaunchScreen.storyboard */,
				9E76B1DC2A1A5BEE0002C7BB /* Info.plist */,
			);
			path = iOS_MvvmPattern_Study_02;
			sourceTree = "<group>";
		};
		9E76B1E42A1A5BEE0002C7BB /* iOS_MvvmPattern_Study_02Tests */ = {
			isa = PBXGroup;
			children = (
				9E76B1E52A1A5BEE0002C7BB /* iOS_MvvmPattern_Study_02Tests.swift */,
			);
			path = iOS_MvvmPattern_Study_02Tests;
			sourceTree = "<group>";
		};
		9E76B1EE2A1A5BEE0002C7BB /* iOS_MvvmPattern_Study_02UITests */ = {
			isa = PBXGroup;
			children = (
				9E76B1EF2A1A5BEE0002C7BB /* iOS_MvvmPattern_Study_02UITests.swift */,
				9E76B1F12A1A5BEE0002C7BB /* iOS_MvvmPattern_Study_02UITestsLaunchTests.swift */,
			);
			path = iOS_MvvmPattern_Study_02UITests;
			sourceTree = "<group>";
		};
		9E76B1FF2A1A5EFD0002C7BB /* ViewModels */ = {
			isa = PBXGroup;
			children = (
				9EDE50852A1B896600833970 /* WeatherTableViewModel.swift */,
			);
			path = ViewModels;
			sourceTree = "<group>";
		};
		9E76B2002A1A5F030002C7BB /* Views */ = {
			isa = PBXGroup;
			children = (
				9E76B2062A1A64170002C7BB /* TagView */,
				9E76B2072A1A64210002C7BB /* WeatherView */,
				9E76B1D22A1A5BED0002C7BB /* ViewController.swift */,
			);
			path = Views;
			sourceTree = "<group>";
		};
		9E76B2012A1A5F080002C7BB /* Extension */ = {
			isa = PBXGroup;
			children = (
				9E76B2022A1A5F170002C7BB /* Observable.swift */,
			);
			path = Extension;
			sourceTree = "<group>";
		};
		9E76B2062A1A64170002C7BB /* TagView */ = {
			isa = PBXGroup;
			children = (
				9EDE50892A1F840F00833970 /* Cells */,
				9EDE50872A1F837500833970 /* TagCollectionView.swift */,
			);
			path = TagView;
			sourceTree = "<group>";
		};
		9E76B2072A1A64210002C7BB /* WeatherView */ = {
			isa = PBXGroup;
			children = (
				9E8A55E52A1B0D85008300CA /* Cells */,
				9E8A55DB2A1B08AD008300CA /* WeatherViewController.swift */,
				9E8A55E82A1B1FE3008300CA /* WeatherTableView.swift */,
			);
			path = WeatherView;
			sourceTree = "<group>";
		};
		9E8A55DD2A1B08CC008300CA /* Network */ = {
			isa = PBXGroup;
			children = (
				9E8A55E22A1B0B63008300CA /* Entity */,
				9E8A55DE2A1B094C008300CA /* WeatherAPI.swift */,
				9E8A55E02A1B0B01008300CA /* WeatherNetworkManager.swift */,
				9E8A55E32A1B0C80008300CA /* APIKey.swift */,
			);
			path = Network;
			sourceTree = "<group>";
		};
		9E8A55E22A1B0B63008300CA /* Entity */ = {
			isa = PBXGroup;
			children = (
				9EDE50832A1B869800833970 /* Entity.swift */,
			);
			path = Entity;
			sourceTree = "<group>";
		};
		9E8A55E52A1B0D85008300CA /* Cells */ = {
			isa = PBXGroup;
			children = (
				9E8A55E62A1B0DA7008300CA /* WeatherTableViewCell.swift */,
			);
			path = Cells;
			sourceTree = "<group>";
		};
		9EDE50892A1F840F00833970 /* Cells */ = {
			isa = PBXGroup;
			children = (
				9EDE508A2A1F842D00833970 /* TagViewCollectionViewCell.swift */,
				9EDE508C2A1F8A9D00833970 /* TagCellData.swift */,
			);
			path = Cells;
			sourceTree = "<group>";
		};
/* End PBXGroup section */

/* Begin PBXNativeTarget section */
		9E76B1CA2A1A5BED0002C7BB /* iOS_MvvmPattern_Study_02 */ = {
			isa = PBXNativeTarget;
			buildConfigurationList = 9E76B1F52A1A5BEE0002C7BB /* Build configuration list for PBXNativeTarget "iOS_MvvmPattern_Study_02" */;
			buildPhases = (
				9E76B1C72A1A5BED0002C7BB /* Sources */,
				9E76B1C82A1A5BED0002C7BB /* Frameworks */,
				9E76B1C92A1A5BED0002C7BB /* Resources */,
			);
			buildRules = (
			);
			dependencies = (
			);
			name = iOS_MvvmPattern_Study_02;
			productName = iOS_MvvmPattern_Study_02;
			productReference = 9E76B1CB2A1A5BED0002C7BB /* iOS_MvvmPattern_Study_02.app */;
			productType = "com.apple.product-type.application";
		};
		9E76B1E02A1A5BEE0002C7BB /* iOS_MvvmPattern_Study_02Tests */ = {
			isa = PBXNativeTarget;
			buildConfigurationList = 9E76B1F82A1A5BEE0002C7BB /* Build configuration list for PBXNativeTarget "iOS_MvvmPattern_Study_02Tests" */;
			buildPhases = (
				9E76B1DD2A1A5BEE0002C7BB /* Sources */,
				9E76B1DE2A1A5BEE0002C7BB /* Frameworks */,
				9E76B1DF2A1A5BEE0002C7BB /* Resources */,
			);
			buildRules = (
			);
			dependencies = (
				9E76B1E32A1A5BEE0002C7BB /* PBXTargetDependency */,
			);
			name = iOS_MvvmPattern_Study_02Tests;
			productName = iOS_MvvmPattern_Study_02Tests;
			productReference = 9E76B1E12A1A5BEE0002C7BB /* iOS_MvvmPattern_Study_02Tests.xctest */;
			productType = "com.apple.product-type.bundle.unit-test";
		};
		9E76B1EA2A1A5BEE0002C7BB /* iOS_MvvmPattern_Study_02UITests */ = {
			isa = PBXNativeTarget;
			buildConfigurationList = 9E76B1FB2A1A5BEE0002C7BB /* Build configuration list for PBXNativeTarget "iOS_MvvmPattern_Study_02UITests" */;
			buildPhases = (
				9E76B1E72A1A5BEE0002C7BB /* Sources */,
				9E76B1E82A1A5BEE0002C7BB /* Frameworks */,
				9E76B1E92A1A5BEE0002C7BB /* Resources */,
			);
			buildRules = (
			);
			dependencies = (
				9E76B1ED2A1A5BEE0002C7BB /* PBXTargetDependency */,
			);
			name = iOS_MvvmPattern_Study_02UITests;
			productName = iOS_MvvmPattern_Study_02UITests;
			productReference = 9E76B1EB2A1A5BEE0002C7BB /* iOS_MvvmPattern_Study_02UITests.xctest */;
			productType = "com.apple.product-type.bundle.ui-testing";
		};
/* End PBXNativeTarget section */

/* Begin PBXProject section */
		9E76B1C32A1A5BED0002C7BB /* Project object */ = {
			isa = PBXProject;
			attributes = {
				BuildIndependentTargetsInParallel = 1;
				LastSwiftUpdateCheck = 1420;
				LastUpgradeCheck = 1420;
				TargetAttributes = {
					9E76B1CA2A1A5BED0002C7BB = {
						CreatedOnToolsVersion = 14.2;
					};
					9E76B1E02A1A5BEE0002C7BB = {
						CreatedOnToolsVersion = 14.2;
						TestTargetID = 9E76B1CA2A1A5BED0002C7BB;
					};
					9E76B1EA2A1A5BEE0002C7BB = {
						CreatedOnToolsVersion = 14.2;
						TestTargetID = 9E76B1CA2A1A5BED0002C7BB;
					};
				};
			};
			buildConfigurationList = 9E76B1C62A1A5BED0002C7BB /* Build configuration list for PBXProject "iOS_MvvmPattern_Study_02" */;
			compatibilityVersion = "Xcode 14.0";
			developmentRegion = en;
			hasScannedForEncodings = 0;
			knownRegions = (
				en,
				Base,
			);
			mainGroup = 9E76B1C22A1A5BED0002C7BB;
			productRefGroup = 9E76B1CC2A1A5BED0002C7BB /* Products */;
			projectDirPath = "";
			projectRoot = "";
			targets = (
				9E76B1CA2A1A5BED0002C7BB /* iOS_MvvmPattern_Study_02 */,
				9E76B1E02A1A5BEE0002C7BB /* iOS_MvvmPattern_Study_02Tests */,
				9E76B1EA2A1A5BEE0002C7BB /* iOS_MvvmPattern_Study_02UITests */,
			);
		};
/* End PBXProject section */

/* Begin PBXResourcesBuildPhase section */
		9E76B1C92A1A5BED0002C7BB /* Resources */ = {
			isa = PBXResourcesBuildPhase;
			buildActionMask = 2147483647;
			files = (
				9E76B1DB2A1A5BEE0002C7BB /* LaunchScreen.storyboard in Resources */,
			);
			runOnlyForDeploymentPostprocessing = 0;
		};
		9E76B1DF2A1A5BEE0002C7BB /* Resources */ = {
			isa = PBXResourcesBuildPhase;
			buildActionMask = 2147483647;
			files = (
			);
			runOnlyForDeploymentPostprocessing = 0;
		};
		9E76B1E92A1A5BEE0002C7BB /* Resources */ = {
			isa = PBXResourcesBuildPhase;
			buildActionMask = 2147483647;
			files = (
			);
			runOnlyForDeploymentPostprocessing = 0;
		};
/* End PBXResourcesBuildPhase section */

/* Begin PBXSourcesBuildPhase section */
		9E76B1C72A1A5BED0002C7BB /* Sources */ = {
			isa = PBXSourcesBuildPhase;
			buildActionMask = 2147483647;
			files = (
				9E8A55E12A1B0B01008300CA /* WeatherNetworkManager.swift in Sources */,
				9EDE508D2A1F8A9D00833970 /* TagCellData.swift in Sources */,
				9E8A55E72A1B0DA7008300CA /* WeatherTableViewCell.swift in Sources */,
				9E76B2032A1A5F170002C7BB /* Observable.swift in Sources */,
				9E8A55E42A1B0C80008300CA /* APIKey.swift in Sources */,
				9E76B1D32A1A5BED0002C7BB /* ViewController.swift in Sources */,
				9E8A55DC2A1B08AD008300CA /* WeatherViewController.swift in Sources */,
				9E8A55E92A1B1FE3008300CA /* WeatherTableView.swift in Sources */,
				9E8A55DF2A1B094C008300CA /* WeatherAPI.swift in Sources */,
				9EDE508B2A1F842D00833970 /* TagViewCollectionViewCell.swift in Sources */,
				9EDE50842A1B869800833970 /* Entity.swift in Sources */,
				9E76B1CF2A1A5BED0002C7BB /* AppDelegate.swift in Sources */,
				9EDE50882A1F837500833970 /* TagCollectionView.swift in Sources */,
				9EDE50862A1B896600833970 /* WeatherTableViewModel.swift in Sources */,
				9E76B1D12A1A5BED0002C7BB /* SceneDelegate.swift in Sources */,
			);
			runOnlyForDeploymentPostprocessing = 0;
		};
		9E76B1DD2A1A5BEE0002C7BB /* Sources */ = {
			isa = PBXSourcesBuildPhase;
			buildActionMask = 2147483647;
			files = (
				9E76B1E62A1A5BEE0002C7BB /* iOS_MvvmPattern_Study_02Tests.swift in Sources */,
			);
			runOnlyForDeploymentPostprocessing = 0;
		};
		9E76B1E72A1A5BEE0002C7BB /* Sources */ = {
			isa = PBXSourcesBuildPhase;
			buildActionMask = 2147483647;
			files = (
				9E76B1F02A1A5BEE0002C7BB /* iOS_MvvmPattern_Study_02UITests.swift in Sources */,
				9E76B1F22A1A5BEE0002C7BB /* iOS_MvvmPattern_Study_02UITestsLaunchTests.swift in Sources */,
			);
			runOnlyForDeploymentPostprocessing = 0;
		};
/* End PBXSourcesBuildPhase section */

/* Begin PBXTargetDependency section */
		9E76B1E32A1A5BEE0002C7BB /* PBXTargetDependency */ = {
			isa = PBXTargetDependency;
			target = 9E76B1CA2A1A5BED0002C7BB /* iOS_MvvmPattern_Study_02 */;
			targetProxy = 9E76B1E22A1A5BEE0002C7BB /* PBXContainerItemProxy */;
		};
		9E76B1ED2A1A5BEE0002C7BB /* PBXTargetDependency */ = {
			isa = PBXTargetDependency;
			target = 9E76B1CA2A1A5BED0002C7BB /* iOS_MvvmPattern_Study_02 */;
			targetProxy = 9E76B1EC2A1A5BEE0002C7BB /* PBXContainerItemProxy */;
		};
/* End PBXTargetDependency section */

/* Begin PBXVariantGroup section */
		9E76B1D92A1A5BEE0002C7BB /* LaunchScreen.storyboard */ = {
			isa = PBXVariantGroup;
			children = (
				9E76B1DA2A1A5BEE0002C7BB /* Base */,
			);
			name = LaunchScreen.storyboard;
			sourceTree = "<group>";
		};
/* End PBXVariantGroup section */

/* Begin XCBuildConfiguration section */
		9E76B1F32A1A5BEE0002C7BB /* Debug */ = {
			isa = XCBuildConfiguration;
			buildSettings = {
				ALWAYS_SEARCH_USER_PATHS = NO;
				CLANG_ANALYZER_NONNULL = YES;
				CLANG_ANALYZER_NUMBER_OBJECT_CONVERSION = YES_AGGRESSIVE;
				CLANG_CXX_LANGUAGE_STANDARD = "gnu++20";
				CLANG_ENABLE_MODULES = YES;
				CLANG_ENABLE_OBJC_ARC = YES;
				CLANG_ENABLE_OBJC_WEAK = YES;
				CLANG_WARN_BLOCK_CAPTURE_AUTORELEASING = YES;
				CLANG_WARN_BOOL_CONVERSION = YES;
				CLANG_WARN_COMMA = YES;
				CLANG_WARN_CONSTANT_CONVERSION = YES;
				CLANG_WARN_DEPRECATED_OBJC_IMPLEMENTATIONS = YES;
				CLANG_WARN_DIRECT_OBJC_ISA_USAGE = YES_ERROR;
				CLANG_WARN_DOCUMENTATION_COMMENTS = YES;
				CLANG_WARN_EMPTY_BODY = YES;
				CLANG_WARN_ENUM_CONVERSION = YES;
				CLANG_WARN_INFINITE_RECURSION = YES;
				CLANG_WARN_INT_CONVERSION = YES;
				CLANG_WARN_NON_LITERAL_NULL_CONVERSION = YES;
				CLANG_WARN_OBJC_IMPLICIT_RETAIN_SELF = YES;
				CLANG_WARN_OBJC_LITERAL_CONVERSION = YES;
				CLANG_WARN_OBJC_ROOT_CLASS = YES_ERROR;
				CLANG_WARN_QUOTED_INCLUDE_IN_FRAMEWORK_HEADER = YES;
				CLANG_WARN_RANGE_LOOP_ANALYSIS = YES;
				CLANG_WARN_STRICT_PROTOTYPES = YES;
				CLANG_WARN_SUSPICIOUS_MOVE = YES;
				CLANG_WARN_UNGUARDED_AVAILABILITY = YES_AGGRESSIVE;
				CLANG_WARN_UNREACHABLE_CODE = YES;
				CLANG_WARN__DUPLICATE_METHOD_MATCH = YES;
				COPY_PHASE_STRIP = NO;
				DEBUG_INFORMATION_FORMAT = dwarf;
				ENABLE_STRICT_OBJC_MSGSEND = YES;
				ENABLE_TESTABILITY = YES;
				GCC_C_LANGUAGE_STANDARD = gnu11;
				GCC_DYNAMIC_NO_PIC = NO;
				GCC_NO_COMMON_BLOCKS = YES;
				GCC_OPTIMIZATION_LEVEL = 0;
				GCC_PREPROCESSOR_DEFINITIONS = (
					"DEBUG=1",
					"$(inherited)",
				);
				GCC_WARN_64_TO_32_BIT_CONVERSION = YES;
				GCC_WARN_ABOUT_RETURN_TYPE = YES_ERROR;
				GCC_WARN_UNDECLARED_SELECTOR = YES;
				GCC_WARN_UNINITIALIZED_AUTOS = YES_AGGRESSIVE;
				GCC_WARN_UNUSED_FUNCTION = YES;
				GCC_WARN_UNUSED_VARIABLE = YES;
				IPHONEOS_DEPLOYMENT_TARGET = 16.2;
				MTL_ENABLE_DEBUG_INFO = INCLUDE_SOURCE;
				MTL_FAST_MATH = YES;
				ONLY_ACTIVE_ARCH = YES;
				SDKROOT = iphoneos;
				SWIFT_ACTIVE_COMPILATION_CONDITIONS = DEBUG;
				SWIFT_OPTIMIZATION_LEVEL = "-Onone";
			};
			name = Debug;
		};
		9E76B1F42A1A5BEE0002C7BB /* Release */ = {
			isa = XCBuildConfiguration;
			buildSettings = {
				ALWAYS_SEARCH_USER_PATHS = NO;
				CLANG_ANALYZER_NONNULL = YES;
				CLANG_ANALYZER_NUMBER_OBJECT_CONVERSION = YES_AGGRESSIVE;
				CLANG_CXX_LANGUAGE_STANDARD = "gnu++20";
				CLANG_ENABLE_MODULES = YES;
				CLANG_ENABLE_OBJC_ARC = YES;
				CLANG_ENABLE_OBJC_WEAK = YES;
				CLANG_WARN_BLOCK_CAPTURE_AUTORELEASING = YES;
				CLANG_WARN_BOOL_CONVERSION = YES;
				CLANG_WARN_COMMA = YES;
				CLANG_WARN_CONSTANT_CONVERSION = YES;
				CLANG_WARN_DEPRECATED_OBJC_IMPLEMENTATIONS = YES;
				CLANG_WARN_DIRECT_OBJC_ISA_USAGE = YES_ERROR;
				CLANG_WARN_DOCUMENTATION_COMMENTS = YES;
				CLANG_WARN_EMPTY_BODY = YES;
				CLANG_WARN_ENUM_CONVERSION = YES;
				CLANG_WARN_INFINITE_RECURSION = YES;
				CLANG_WARN_INT_CONVERSION = YES;
				CLANG_WARN_NON_LITERAL_NULL_CONVERSION = YES;
				CLANG_WARN_OBJC_IMPLICIT_RETAIN_SELF = YES;
				CLANG_WARN_OBJC_LITERAL_CONVERSION = YES;
				CLANG_WARN_OBJC_ROOT_CLASS = YES_ERROR;
				CLANG_WARN_QUOTED_INCLUDE_IN_FRAMEWORK_HEADER = YES;
				CLANG_WARN_RANGE_LOOP_ANALYSIS = YES;
				CLANG_WARN_STRICT_PROTOTYPES = YES;
				CLANG_WARN_SUSPICIOUS_MOVE = YES;
				CLANG_WARN_UNGUARDED_AVAILABILITY = YES_AGGRESSIVE;
				CLANG_WARN_UNREACHABLE_CODE = YES;
				CLANG_WARN__DUPLICATE_METHOD_MATCH = YES;
				COPY_PHASE_STRIP = NO;
				DEBUG_INFORMATION_FORMAT = "dwarf-with-dsym";
				ENABLE_NS_ASSERTIONS = NO;
				ENABLE_STRICT_OBJC_MSGSEND = YES;
				GCC_C_LANGUAGE_STANDARD = gnu11;
				GCC_NO_COMMON_BLOCKS = YES;
				GCC_WARN_64_TO_32_BIT_CONVERSION = YES;
				GCC_WARN_ABOUT_RETURN_TYPE = YES_ERROR;
				GCC_WARN_UNDECLARED_SELECTOR = YES;
				GCC_WARN_UNINITIALIZED_AUTOS = YES_AGGRESSIVE;
				GCC_WARN_UNUSED_FUNCTION = YES;
				GCC_WARN_UNUSED_VARIABLE = YES;
				IPHONEOS_DEPLOYMENT_TARGET = 16.2;
				MTL_ENABLE_DEBUG_INFO = NO;
				MTL_FAST_MATH = YES;
				SDKROOT = iphoneos;
				SWIFT_COMPILATION_MODE = wholemodule;
				SWIFT_OPTIMIZATION_LEVEL = "-O";
				VALIDATE_PRODUCT = YES;
			};
			name = Release;
		};
		9E76B1F62A1A5BEE0002C7BB /* Debug */ = {
			isa = XCBuildConfiguration;
			buildSettings = {
				ASSETCATALOG_COMPILER_APPICON_NAME = AppIcon;
				ASSETCATALOG_COMPILER_GLOBAL_ACCENT_COLOR_NAME = AccentColor;
				CODE_SIGN_STYLE = Automatic;
				CURRENT_PROJECT_VERSION = 1;
				GENERATE_INFOPLIST_FILE = YES;
				INFOPLIST_FILE = iOS_MvvmPattern_Study_02/Info.plist;
				INFOPLIST_KEY_UIApplicationSupportsIndirectInputEvents = YES;
				INFOPLIST_KEY_UILaunchStoryboardName = LaunchScreen;
				INFOPLIST_KEY_UISupportedInterfaceOrientations_iPad = "UIInterfaceOrientationPortrait UIInterfaceOrientationPortraitUpsideDown UIInterfaceOrientationLandscapeLeft UIInterfaceOrientationLandscapeRight";
				INFOPLIST_KEY_UISupportedInterfaceOrientations_iPhone = "UIInterfaceOrientationPortrait UIInterfaceOrientationLandscapeLeft UIInterfaceOrientationLandscapeRight";
				LD_RUNPATH_SEARCH_PATHS = (
					"$(inherited)",
					"@executable_path/Frameworks",
				);
				MARKETING_VERSION = 1.0;
				PRODUCT_BUNDLE_IDENTIFIER = "yeo.iOS-MvvmPattern-Study-02";
				PRODUCT_NAME = "$(TARGET_NAME)";
				SWIFT_EMIT_LOC_STRINGS = YES;
				SWIFT_VERSION = 5.0;
				TARGETED_DEVICE_FAMILY = "1,2";
			};
			name = Debug;
		};
		9E76B1F72A1A5BEE0002C7BB /* Release */ = {
			isa = XCBuildConfiguration;
			buildSettings = {
				ASSETCATALOG_COMPILER_APPICON_NAME = AppIcon;
				ASSETCATALOG_COMPILER_GLOBAL_ACCENT_COLOR_NAME = AccentColor;
				CODE_SIGN_STYLE = Automatic;
				CURRENT_PROJECT_VERSION = 1;
				GENERATE_INFOPLIST_FILE = YES;
				INFOPLIST_FILE = iOS_MvvmPattern_Study_02/Info.plist;
				INFOPLIST_KEY_UIApplicationSupportsIndirectInputEvents = YES;
				INFOPLIST_KEY_UILaunchStoryboardName = LaunchScreen;
				INFOPLIST_KEY_UISupportedInterfaceOrientations_iPad = "UIInterfaceOrientationPortrait UIInterfaceOrientationPortraitUpsideDown UIInterfaceOrientationLandscapeLeft UIInterfaceOrientationLandscapeRight";
				INFOPLIST_KEY_UISupportedInterfaceOrientations_iPhone = "UIInterfaceOrientationPortrait UIInterfaceOrientationLandscapeLeft UIInterfaceOrientationLandscapeRight";
				LD_RUNPATH_SEARCH_PATHS = (
					"$(inherited)",
					"@executable_path/Frameworks",
				);
				MARKETING_VERSION = 1.0;
				PRODUCT_BUNDLE_IDENTIFIER = "yeo.iOS-MvvmPattern-Study-02";
				PRODUCT_NAME = "$(TARGET_NAME)";
				SWIFT_EMIT_LOC_STRINGS = YES;
				SWIFT_VERSION = 5.0;
				TARGETED_DEVICE_FAMILY = "1,2";
			};
			name = Release;
		};
		9E76B1F92A1A5BEE0002C7BB /* Debug */ = {
			isa = XCBuildConfiguration;
			buildSettings = {
				ALWAYS_EMBED_SWIFT_STANDARD_LIBRARIES = YES;
				BUNDLE_LOADER = "$(TEST_HOST)";
				CODE_SIGN_STYLE = Automatic;
				CURRENT_PROJECT_VERSION = 1;
				GENERATE_INFOPLIST_FILE = YES;
				IPHONEOS_DEPLOYMENT_TARGET = 16.2;
				MARKETING_VERSION = 1.0;
				PRODUCT_BUNDLE_IDENTIFIER = "yeo.iOS-MvvmPattern-Study-02Tests";
				PRODUCT_NAME = "$(TARGET_NAME)";
				SWIFT_EMIT_LOC_STRINGS = NO;
				SWIFT_VERSION = 5.0;
				TARGETED_DEVICE_FAMILY = "1,2";
				TEST_HOST = "$(BUILT_PRODUCTS_DIR)/iOS_MvvmPattern_Study_02.app/$(BUNDLE_EXECUTABLE_FOLDER_PATH)/iOS_MvvmPattern_Study_02";
			};
			name = Debug;
		};
		9E76B1FA2A1A5BEE0002C7BB /* Release */ = {
			isa = XCBuildConfiguration;
			buildSettings = {
				ALWAYS_EMBED_SWIFT_STANDARD_LIBRARIES = YES;
				BUNDLE_LOADER = "$(TEST_HOST)";
				CODE_SIGN_STYLE = Automatic;
				CURRENT_PROJECT_VERSION = 1;
				GENERATE_INFOPLIST_FILE = YES;
				IPHONEOS_DEPLOYMENT_TARGET = 16.2;
				MARKETING_VERSION = 1.0;
				PRODUCT_BUNDLE_IDENTIFIER = "yeo.iOS-MvvmPattern-Study-02Tests";
				PRODUCT_NAME = "$(TARGET_NAME)";
				SWIFT_EMIT_LOC_STRINGS = NO;
				SWIFT_VERSION = 5.0;
				TARGETED_DEVICE_FAMILY = "1,2";
				TEST_HOST = "$(BUILT_PRODUCTS_DIR)/iOS_MvvmPattern_Study_02.app/$(BUNDLE_EXECUTABLE_FOLDER_PATH)/iOS_MvvmPattern_Study_02";
			};
			name = Release;
		};
		9E76B1FC2A1A5BEE0002C7BB /* Debug */ = {
			isa = XCBuildConfiguration;
			buildSettings = {
				ALWAYS_EMBED_SWIFT_STANDARD_LIBRARIES = YES;
				CODE_SIGN_STYLE = Automatic;
				CURRENT_PROJECT_VERSION = 1;
				GENERATE_INFOPLIST_FILE = YES;
				MARKETING_VERSION = 1.0;
				PRODUCT_BUNDLE_IDENTIFIER = "yeo.iOS-MvvmPattern-Study-02UITests";
				PRODUCT_NAME = "$(TARGET_NAME)";
				SWIFT_EMIT_LOC_STRINGS = NO;
				SWIFT_VERSION = 5.0;
				TARGETED_DEVICE_FAMILY = "1,2";
				TEST_TARGET_NAME = iOS_MvvmPattern_Study_02;
			};
			name = Debug;
		};
		9E76B1FD2A1A5BEE0002C7BB /* Release */ = {
			isa = XCBuildConfiguration;
			buildSettings = {
				ALWAYS_EMBED_SWIFT_STANDARD_LIBRARIES = YES;
				CODE_SIGN_STYLE = Automatic;
				CURRENT_PROJECT_VERSION = 1;
				GENERATE_INFOPLIST_FILE = YES;
				MARKETING_VERSION = 1.0;
				PRODUCT_BUNDLE_IDENTIFIER = "yeo.iOS-MvvmPattern-Study-02UITests";
				PRODUCT_NAME = "$(TARGET_NAME)";
				SWIFT_EMIT_LOC_STRINGS = NO;
				SWIFT_VERSION = 5.0;
				TARGETED_DEVICE_FAMILY = "1,2";
				TEST_TARGET_NAME = iOS_MvvmPattern_Study_02;
			};
			name = Release;
		};
/* End XCBuildConfiguration section */

/* Begin XCConfigurationList section */
		9E76B1C62A1A5BED0002C7BB /* Build configuration list for PBXProject "iOS_MvvmPattern_Study_02" */ = {
			isa = XCConfigurationList;
			buildConfigurations = (
				9E76B1F32A1A5BEE0002C7BB /* Debug */,
				9E76B1F42A1A5BEE0002C7BB /* Release */,
			);
			defaultConfigurationIsVisible = 0;
			defaultConfigurationName = Release;
		};
		9E76B1F52A1A5BEE0002C7BB /* Build configuration list for PBXNativeTarget "iOS_MvvmPattern_Study_02" */ = {
			isa = XCConfigurationList;
			buildConfigurations = (
				9E76B1F62A1A5BEE0002C7BB /* Debug */,
				9E76B1F72A1A5BEE0002C7BB /* Release */,
			);
			defaultConfigurationIsVisible = 0;
			defaultConfigurationName = Release;
		};
		9E76B1F82A1A5BEE0002C7BB /* Build configuration list for PBXNativeTarget "iOS_MvvmPattern_Study_02Tests" */ = {
			isa = XCConfigurationList;
			buildConfigurations = (
				9E76B1F92A1A5BEE0002C7BB /* Debug */,
				9E76B1FA2A1A5BEE0002C7BB /* Release */,
			);
			defaultConfigurationIsVisible = 0;
			defaultConfigurationName = Release;
		};
		9E76B1FB2A1A5BEE0002C7BB /* Build configuration list for PBXNativeTarget "iOS_MvvmPattern_Study_02UITests" */ = {
			isa = XCConfigurationList;
			buildConfigurations = (
				9E76B1FC2A1A5BEE0002C7BB /* Debug */,
				9E76B1FD2A1A5BEE0002C7BB /* Release */,
			);
			defaultConfigurationIsVisible = 0;
			defaultConfigurationName = Release;
		};
/* End XCConfigurationList section */
	};
	rootObject = 9E76B1C32A1A5BED0002C7BB /* Project object */;
}
