// !$*UTF8*$!
{
	archiveVersion = 1;
	classes = {
	};
	objectVersion = 56;
	objects = {

/* Begin PBXBuildFile section */
		9E76B13B2A18EBD50002C7BB /* AppDelegate.swift in Sources */ = {isa = PBXBuildFile; fileRef = 9E76B13A2A18EBD50002C7BB /* AppDelegate.swift */; };
		9E76B13D2A18EBD50002C7BB /* SceneDelegate.swift in Sources */ = {isa = PBXBuildFile; fileRef = 9E76B13C2A18EBD50002C7BB /* SceneDelegate.swift */; };
		9E76B13F2A18EBD50002C7BB /* ViewController.swift in Sources */ = {isa = PBXBuildFile; fileRef = 9E76B13E2A18EBD50002C7BB /* ViewController.swift */; };
		9E76B1442A18EBD50002C7BB /* Assets.xcassets in Resources */ = {isa = PBXBuildFile; fileRef = 9E76B1432A18EBD50002C7BB /* Assets.xcassets */; };
		9E76B1472A18EBD50002C7BB /* LaunchScreen.storyboard in Resources */ = {isa = PBXBuildFile; fileRef = 9E76B1452A18EBD50002C7BB /* LaunchScreen.storyboard */; };
		9E76B1522A18EBD50002C7BB /* iOS_MvvmPattern_StudyTests.swift in Sources */ = {isa = PBXBuildFile; fileRef = 9E76B1512A18EBD50002C7BB /* iOS_MvvmPattern_StudyTests.swift */; };
		9E76B15C2A18EBD50002C7BB /* iOS_MvvmPattern_StudyUITests.swift in Sources */ = {isa = PBXBuildFile; fileRef = 9E76B15B2A18EBD50002C7BB /* iOS_MvvmPattern_StudyUITests.swift */; };
		9E76B15E2A18EBD50002C7BB /* iOS_MvvmPattern_StudyUITestsLaunchTests.swift in Sources */ = {isa = PBXBuildFile; fileRef = 9E76B15D2A18EBD50002C7BB /* iOS_MvvmPattern_StudyUITestsLaunchTests.swift */; };
		9E76B16B2A18ED750002C7BB /* Observer.swift in Sources */ = {isa = PBXBuildFile; fileRef = 9E76B16A2A18ED750002C7BB /* Observer.swift */; };
		9E76B16F2A18F2120002C7BB /* CustomColor.swift in Sources */ = {isa = PBXBuildFile; fileRef = 9E76B16E2A18F2120002C7BB /* CustomColor.swift */; };
		9E76B1722A18F4FE0002C7BB /* NaverShoppingAPI.swift in Sources */ = {isa = PBXBuildFile; fileRef = 9E76B1712A18F4FE0002C7BB /* NaverShoppingAPI.swift */; };
		9E76B1762A18F85E0002C7BB /* NaverAPIKeys.swift in Sources */ = {isa = PBXBuildFile; fileRef = 9E76B1752A18F85E0002C7BB /* NaverAPIKeys.swift */; };
		9E76B1782A18F9CC0002C7BB /* NaverShoppingNetworkManager.swift in Sources */ = {isa = PBXBuildFile; fileRef = 9E76B1772A18F9CC0002C7BB /* NaverShoppingNetworkManager.swift */; };
		9E76B17B2A18FB420002C7BB /* NaverShoppingResponse.swift in Sources */ = {isa = PBXBuildFile; fileRef = 9E76B17A2A18FB420002C7BB /* NaverShoppingResponse.swift */; };
/* End PBXBuildFile section */

/* Begin PBXContainerItemProxy section */
		9E76B14E2A18EBD50002C7BB /* PBXContainerItemProxy */ = {
			isa = PBXContainerItemProxy;
			containerPortal = 9E76B12F2A18EBD50002C7BB /* Project object */;
			proxyType = 1;
			remoteGlobalIDString = 9E76B1362A18EBD50002C7BB;
			remoteInfo = iOS_MvvmPattern_Study;
		};
		9E76B1582A18EBD50002C7BB /* PBXContainerItemProxy */ = {
			isa = PBXContainerItemProxy;
			containerPortal = 9E76B12F2A18EBD50002C7BB /* Project object */;
			proxyType = 1;
			remoteGlobalIDString = 9E76B1362A18EBD50002C7BB;
			remoteInfo = iOS_MvvmPattern_Study;
		};
/* End PBXContainerItemProxy section */

/* Begin PBXFileReference section */
		9E76B1372A18EBD50002C7BB /* iOS_MvvmPattern_Study.app */ = {isa = PBXFileReference; explicitFileType = wrapper.application; includeInIndex = 0; path = iOS_MvvmPattern_Study.app; sourceTree = BUILT_PRODUCTS_DIR; };
		9E76B13A2A18EBD50002C7BB /* AppDelegate.swift */ = {isa = PBXFileReference; lastKnownFileType = sourcecode.swift; path = AppDelegate.swift; sourceTree = "<group>"; };
		9E76B13C2A18EBD50002C7BB /* SceneDelegate.swift */ = {isa = PBXFileReference; lastKnownFileType = sourcecode.swift; path = SceneDelegate.swift; sourceTree = "<group>"; };
		9E76B13E2A18EBD50002C7BB /* ViewController.swift */ = {isa = PBXFileReference; lastKnownFileType = sourcecode.swift; path = ViewController.swift; sourceTree = "<group>"; };
		9E76B1432A18EBD50002C7BB /* Assets.xcassets */ = {isa = PBXFileReference; lastKnownFileType = folder.assetcatalog; path = Assets.xcassets; sourceTree = "<group>"; };
		9E76B1462A18EBD50002C7BB /* Base */ = {isa = PBXFileReference; lastKnownFileType = file.storyboard; name = Base; path = Base.lproj/LaunchScreen.storyboard; sourceTree = "<group>"; };
		9E76B1482A18EBD50002C7BB /* Info.plist */ = {isa = PBXFileReference; lastKnownFileType = text.plist.xml; path = Info.plist; sourceTree = "<group>"; };
		9E76B14D2A18EBD50002C7BB /* iOS_MvvmPattern_StudyTests.xctest */ = {isa = PBXFileReference; explicitFileType = wrapper.cfbundle; includeInIndex = 0; path = iOS_MvvmPattern_StudyTests.xctest; sourceTree = BUILT_PRODUCTS_DIR; };
		9E76B1512A18EBD50002C7BB /* iOS_MvvmPattern_StudyTests.swift */ = {isa = PBXFileReference; lastKnownFileType = sourcecode.swift; path = iOS_MvvmPattern_StudyTests.swift; sourceTree = "<group>"; };
		9E76B1572A18EBD50002C7BB /* iOS_MvvmPattern_StudyUITests.xctest */ = {isa = PBXFileReference; explicitFileType = wrapper.cfbundle; includeInIndex = 0; path = iOS_MvvmPattern_StudyUITests.xctest; sourceTree = BUILT_PRODUCTS_DIR; };
		9E76B15B2A18EBD50002C7BB /* iOS_MvvmPattern_StudyUITests.swift */ = {isa = PBXFileReference; lastKnownFileType = sourcecode.swift; path = iOS_MvvmPattern_StudyUITests.swift; sourceTree = "<group>"; };
		9E76B15D2A18EBD50002C7BB /* iOS_MvvmPattern_StudyUITestsLaunchTests.swift */ = {isa = PBXFileReference; lastKnownFileType = sourcecode.swift; path = iOS_MvvmPattern_StudyUITestsLaunchTests.swift; sourceTree = "<group>"; };
		9E76B16A2A18ED750002C7BB /* Observer.swift */ = {isa = PBXFileReference; lastKnownFileType = sourcecode.swift; path = Observer.swift; sourceTree = "<group>"; };
		9E76B16E2A18F2120002C7BB /* CustomColor.swift */ = {isa = PBXFileReference; lastKnownFileType = sourcecode.swift; path = CustomColor.swift; sourceTree = "<group>"; };
		9E76B1712A18F4FE0002C7BB /* NaverShoppingAPI.swift */ = {isa = PBXFileReference; lastKnownFileType = sourcecode.swift; path = NaverShoppingAPI.swift; sourceTree = "<group>"; };
		9E76B1752A18F85E0002C7BB /* NaverAPIKeys.swift */ = {isa = PBXFileReference; lastKnownFileType = sourcecode.swift; path = NaverAPIKeys.swift; sourceTree = "<group>"; };
		9E76B1772A18F9CC0002C7BB /* NaverShoppingNetworkManager.swift */ = {isa = PBXFileReference; lastKnownFileType = sourcecode.swift; path = NaverShoppingNetworkManager.swift; sourceTree = "<group>"; };
		9E76B17A2A18FB420002C7BB /* NaverShoppingResponse.swift */ = {isa = PBXFileReference; lastKnownFileType = sourcecode.swift; path = NaverShoppingResponse.swift; sourceTree = "<group>"; };
/* End PBXFileReference section */

/* Begin PBXFrameworksBuildPhase section */
		9E76B1342A18EBD50002C7BB /* Frameworks */ = {
			isa = PBXFrameworksBuildPhase;
			buildActionMask = 2147483647;
			files = (
			);
			runOnlyForDeploymentPostprocessing = 0;
		};
		9E76B14A2A18EBD50002C7BB /* Frameworks */ = {
			isa = PBXFrameworksBuildPhase;
			buildActionMask = 2147483647;
			files = (
			);
			runOnlyForDeploymentPostprocessing = 0;
		};
		9E76B1542A18EBD50002C7BB /* Frameworks */ = {
			isa = PBXFrameworksBuildPhase;
			buildActionMask = 2147483647;
			files = (
			);
			runOnlyForDeploymentPostprocessing = 0;
		};
/* End PBXFrameworksBuildPhase section */

/* Begin PBXGroup section */
		9E76B12E2A18EBD50002C7BB = {
			isa = PBXGroup;
			children = (
				9E76B1392A18EBD50002C7BB /* iOS_MvvmPattern_Study */,
				9E76B1502A18EBD50002C7BB /* iOS_MvvmPattern_StudyTests */,
				9E76B15A2A18EBD50002C7BB /* iOS_MvvmPattern_StudyUITests */,
				9E76B1382A18EBD50002C7BB /* Products */,
			);
			sourceTree = "<group>";
		};
		9E76B1382A18EBD50002C7BB /* Products */ = {
			isa = PBXGroup;
			children = (
				9E76B1372A18EBD50002C7BB /* iOS_MvvmPattern_Study.app */,
				9E76B14D2A18EBD50002C7BB /* iOS_MvvmPattern_StudyTests.xctest */,
				9E76B1572A18EBD50002C7BB /* iOS_MvvmPattern_StudyUITests.xctest */,
			);
			name = Products;
			sourceTree = "<group>";
		};
		9E76B1392A18EBD50002C7BB /* iOS_MvvmPattern_Study */ = {
			isa = PBXGroup;
			children = (
				9E76B1702A18F4520002C7BB /* Network */,
				9E76B16C2A18F14E0002C7BB /* Configuration */,
				9E76B13A2A18EBD50002C7BB /* AppDelegate.swift */,
				9E76B13C2A18EBD50002C7BB /* SceneDelegate.swift */,
				9E76B13E2A18EBD50002C7BB /* ViewController.swift */,
				9E76B1752A18F85E0002C7BB /* NaverAPIKeys.swift */,
				9E76B1432A18EBD50002C7BB /* Assets.xcassets */,
				9E76B1452A18EBD50002C7BB /* LaunchScreen.storyboard */,
				9E76B1482A18EBD50002C7BB /* Info.plist */,
			);
			path = iOS_MvvmPattern_Study;
			sourceTree = "<group>";
		};
		9E76B1502A18EBD50002C7BB /* iOS_MvvmPattern_StudyTests */ = {
			isa = PBXGroup;
			children = (
				9E76B1512A18EBD50002C7BB /* iOS_MvvmPattern_StudyTests.swift */,
			);
			path = iOS_MvvmPattern_StudyTests;
			sourceTree = "<group>";
		};
		9E76B15A2A18EBD50002C7BB /* iOS_MvvmPattern_StudyUITests */ = {
			isa = PBXGroup;
			children = (
				9E76B15B2A18EBD50002C7BB /* iOS_MvvmPattern_StudyUITests.swift */,
				9E76B15D2A18EBD50002C7BB /* iOS_MvvmPattern_StudyUITestsLaunchTests.swift */,
			);
			path = iOS_MvvmPattern_StudyUITests;
			sourceTree = "<group>";
		};
		9E76B16C2A18F14E0002C7BB /* Configuration */ = {
			isa = PBXGroup;
			children = (
				9E76B16D2A18F1FD0002C7BB /* Extension */,
				9E76B16A2A18ED750002C7BB /* Observer.swift */,
			);
			path = Configuration;
			sourceTree = "<group>";
		};
		9E76B16D2A18F1FD0002C7BB /* Extension */ = {
			isa = PBXGroup;
			children = (
				9E76B16E2A18F2120002C7BB /* CustomColor.swift */,
			);
			path = Extension;
			sourceTree = "<group>";
		};
		9E76B1702A18F4520002C7BB /* Network */ = {
			isa = PBXGroup;
			children = (
				9E76B1792A18FB300002C7BB /* Entity */,
				9E76B1712A18F4FE0002C7BB /* NaverShoppingAPI.swift */,
				9E76B1772A18F9CC0002C7BB /* NaverShoppingNetworkManager.swift */,
			);
			path = Network;
			sourceTree = "<group>";
		};
		9E76B1792A18FB300002C7BB /* Entity */ = {
			isa = PBXGroup;
			children = (
				9E76B17A2A18FB420002C7BB /* NaverShoppingResponse.swift */,
			);
			path = Entity;
			sourceTree = "<group>";
		};
/* End PBXGroup section */

/* Begin PBXNativeTarget section */
		9E76B1362A18EBD50002C7BB /* iOS_MvvmPattern_Study */ = {
			isa = PBXNativeTarget;
			buildConfigurationList = 9E76B1612A18EBD50002C7BB /* Build configuration list for PBXNativeTarget "iOS_MvvmPattern_Study" */;
			buildPhases = (
				9E76B1332A18EBD50002C7BB /* Sources */,
				9E76B1342A18EBD50002C7BB /* Frameworks */,
				9E76B1352A18EBD50002C7BB /* Resources */,
			);
			buildRules = (
			);
			dependencies = (
			);
			name = iOS_MvvmPattern_Study;
			productName = iOS_MvvmPattern_Study;
			productReference = 9E76B1372A18EBD50002C7BB /* iOS_MvvmPattern_Study.app */;
			productType = "com.apple.product-type.application";
		};
		9E76B14C2A18EBD50002C7BB /* iOS_MvvmPattern_StudyTests */ = {
			isa = PBXNativeTarget;
			buildConfigurationList = 9E76B1642A18EBD50002C7BB /* Build configuration list for PBXNativeTarget "iOS_MvvmPattern_StudyTests" */;
			buildPhases = (
				9E76B1492A18EBD50002C7BB /* Sources */,
				9E76B14A2A18EBD50002C7BB /* Frameworks */,
				9E76B14B2A18EBD50002C7BB /* Resources */,
			);
			buildRules = (
			);
			dependencies = (
				9E76B14F2A18EBD50002C7BB /* PBXTargetDependency */,
			);
			name = iOS_MvvmPattern_StudyTests;
			productName = iOS_MvvmPattern_StudyTests;
			productReference = 9E76B14D2A18EBD50002C7BB /* iOS_MvvmPattern_StudyTests.xctest */;
			productType = "com.apple.product-type.bundle.unit-test";
		};
		9E76B1562A18EBD50002C7BB /* iOS_MvvmPattern_StudyUITests */ = {
			isa = PBXNativeTarget;
			buildConfigurationList = 9E76B1672A18EBD50002C7BB /* Build configuration list for PBXNativeTarget "iOS_MvvmPattern_StudyUITests" */;
			buildPhases = (
				9E76B1532A18EBD50002C7BB /* Sources */,
				9E76B1542A18EBD50002C7BB /* Frameworks */,
				9E76B1552A18EBD50002C7BB /* Resources */,
			);
			buildRules = (
			);
			dependencies = (
				9E76B1592A18EBD50002C7BB /* PBXTargetDependency */,
			);
			name = iOS_MvvmPattern_StudyUITests;
			productName = iOS_MvvmPattern_StudyUITests;
			productReference = 9E76B1572A18EBD50002C7BB /* iOS_MvvmPattern_StudyUITests.xctest */;
			productType = "com.apple.product-type.bundle.ui-testing";
		};
/* End PBXNativeTarget section */

/* Begin PBXProject section */
		9E76B12F2A18EBD50002C7BB /* Project object */ = {
			isa = PBXProject;
			attributes = {
				BuildIndependentTargetsInParallel = 1;
				LastSwiftUpdateCheck = 1420;
				LastUpgradeCheck = 1420;
				TargetAttributes = {
					9E76B1362A18EBD50002C7BB = {
						CreatedOnToolsVersion = 14.2;
					};
					9E76B14C2A18EBD50002C7BB = {
						CreatedOnToolsVersion = 14.2;
						TestTargetID = 9E76B1362A18EBD50002C7BB;
					};
					9E76B1562A18EBD50002C7BB = {
						CreatedOnToolsVersion = 14.2;
						TestTargetID = 9E76B1362A18EBD50002C7BB;
					};
				};
			};
			buildConfigurationList = 9E76B1322A18EBD50002C7BB /* Build configuration list for PBXProject "iOS_MvvmPattern_Study" */;
			compatibilityVersion = "Xcode 14.0";
			developmentRegion = en;
			hasScannedForEncodings = 0;
			knownRegions = (
				en,
				Base,
			);
			mainGroup = 9E76B12E2A18EBD50002C7BB;
			productRefGroup = 9E76B1382A18EBD50002C7BB /* Products */;
			projectDirPath = "";
			projectRoot = "";
			targets = (
				9E76B1362A18EBD50002C7BB /* iOS_MvvmPattern_Study */,
				9E76B14C2A18EBD50002C7BB /* iOS_MvvmPattern_StudyTests */,
				9E76B1562A18EBD50002C7BB /* iOS_MvvmPattern_StudyUITests */,
			);
		};
/* End PBXProject section */

/* Begin PBXResourcesBuildPhase section */
		9E76B1352A18EBD50002C7BB /* Resources */ = {
			isa = PBXResourcesBuildPhase;
			buildActionMask = 2147483647;
			files = (
				9E76B1472A18EBD50002C7BB /* LaunchScreen.storyboard in Resources */,
				9E76B1442A18EBD50002C7BB /* Assets.xcassets in Resources */,
			);
			runOnlyForDeploymentPostprocessing = 0;
		};
		9E76B14B2A18EBD50002C7BB /* Resources */ = {
			isa = PBXResourcesBuildPhase;
			buildActionMask = 2147483647;
			files = (
			);
			runOnlyForDeploymentPostprocessing = 0;
		};
		9E76B1552A18EBD50002C7BB /* Resources */ = {
			isa = PBXResourcesBuildPhase;
			buildActionMask = 2147483647;
			files = (
			);
			runOnlyForDeploymentPostprocessing = 0;
		};
/* End PBXResourcesBuildPhase section */

/* Begin PBXSourcesBuildPhase section */
		9E76B1332A18EBD50002C7BB /* Sources */ = {
			isa = PBXSourcesBuildPhase;
			buildActionMask = 2147483647;
			files = (
				9E76B17B2A18FB420002C7BB /* NaverShoppingResponse.swift in Sources */,
				9E76B16B2A18ED750002C7BB /* Observer.swift in Sources */,
				9E76B13F2A18EBD50002C7BB /* ViewController.swift in Sources */,
				9E76B13B2A18EBD50002C7BB /* AppDelegate.swift in Sources */,
				9E76B16F2A18F2120002C7BB /* CustomColor.swift in Sources */,
				9E76B13D2A18EBD50002C7BB /* SceneDelegate.swift in Sources */,
				9E76B1722A18F4FE0002C7BB /* NaverShoppingAPI.swift in Sources */,
				9E76B1762A18F85E0002C7BB /* NaverAPIKeys.swift in Sources */,
				9E76B1782A18F9CC0002C7BB /* NaverShoppingNetworkManager.swift in Sources */,
			);
			runOnlyForDeploymentPostprocessing = 0;
		};
		9E76B1492A18EBD50002C7BB /* Sources */ = {
			isa = PBXSourcesBuildPhase;
			buildActionMask = 2147483647;
			files = (
				9E76B1522A18EBD50002C7BB /* iOS_MvvmPattern_StudyTests.swift in Sources */,
			);
			runOnlyForDeploymentPostprocessing = 0;
		};
		9E76B1532A18EBD50002C7BB /* Sources */ = {
			isa = PBXSourcesBuildPhase;
			buildActionMask = 2147483647;
			files = (
				9E76B15C2A18EBD50002C7BB /* iOS_MvvmPattern_StudyUITests.swift in Sources */,
				9E76B15E2A18EBD50002C7BB /* iOS_MvvmPattern_StudyUITestsLaunchTests.swift in Sources */,
			);
			runOnlyForDeploymentPostprocessing = 0;
		};
/* End PBXSourcesBuildPhase section */

/* Begin PBXTargetDependency section */
		9E76B14F2A18EBD50002C7BB /* PBXTargetDependency */ = {
			isa = PBXTargetDependency;
			target = 9E76B1362A18EBD50002C7BB /* iOS_MvvmPattern_Study */;
			targetProxy = 9E76B14E2A18EBD50002C7BB /* PBXContainerItemProxy */;
		};
		9E76B1592A18EBD50002C7BB /* PBXTargetDependency */ = {
			isa = PBXTargetDependency;
			target = 9E76B1362A18EBD50002C7BB /* iOS_MvvmPattern_Study */;
			targetProxy = 9E76B1582A18EBD50002C7BB /* PBXContainerItemProxy */;
		};
/* End PBXTargetDependency section */

/* Begin PBXVariantGroup section */
		9E76B1452A18EBD50002C7BB /* LaunchScreen.storyboard */ = {
			isa = PBXVariantGroup;
			children = (
				9E76B1462A18EBD50002C7BB /* Base */,
			);
			name = LaunchScreen.storyboard;
			sourceTree = "<group>";
		};
/* End PBXVariantGroup section */

/* Begin XCBuildConfiguration section */
		9E76B15F2A18EBD50002C7BB /* Debug */ = {
			isa = XCBuildConfiguration;
			buildSettings = {
				ALWAYS_SEARCH_USER_PATHS = NO;
				CLANG_ANALYZER_NONNULL = YES;
				CLANG_ANALYZER_NUMBER_OBJECT_CONVERSION = YES_AGGRESSIVE;
				CLANG_CXX_LANGUAGE_STANDARD = "gnu++20";
				CLANG_ENABLE_MODULES = YES;
				CLANG_ENABLE_OBJC_ARC = YES;
				CLANG_ENABLE_OBJC_WEAK = YES;
				CLANG_WARN_BLOCK_CAPTURE_AUTORELEASING = YES;
				CLANG_WARN_BOOL_CONVERSION = YES;
				CLANG_WARN_COMMA = YES;
				CLANG_WARN_CONSTANT_CONVERSION = YES;
				CLANG_WARN_DEPRECATED_OBJC_IMPLEMENTATIONS = YES;
				CLANG_WARN_DIRECT_OBJC_ISA_USAGE = YES_ERROR;
				CLANG_WARN_DOCUMENTATION_COMMENTS = YES;
				CLANG_WARN_EMPTY_BODY = YES;
				CLANG_WARN_ENUM_CONVERSION = YES;
				CLANG_WARN_INFINITE_RECURSION = YES;
				CLANG_WARN_INT_CONVERSION = YES;
				CLANG_WARN_NON_LITERAL_NULL_CONVERSION = YES;
				CLANG_WARN_OBJC_IMPLICIT_RETAIN_SELF = YES;
				CLANG_WARN_OBJC_LITERAL_CONVERSION = YES;
				CLANG_WARN_OBJC_ROOT_CLASS = YES_ERROR;
				CLANG_WARN_QUOTED_INCLUDE_IN_FRAMEWORK_HEADER = YES;
				CLANG_WARN_RANGE_LOOP_ANALYSIS = YES;
				CLANG_WARN_STRICT_PROTOTYPES = YES;
				CLANG_WARN_SUSPICIOUS_MOVE = YES;
				CLANG_WARN_UNGUARDED_AVAILABILITY = YES_AGGRESSIVE;
				CLANG_WARN_UNREACHABLE_CODE = YES;
				CLANG_WARN__DUPLICATE_METHOD_MATCH = YES;
				COPY_PHASE_STRIP = NO;
				DEBUG_INFORMATION_FORMAT = dwarf;
				ENABLE_STRICT_OBJC_MSGSEND = YES;
				ENABLE_TESTABILITY = YES;
				GCC_C_LANGUAGE_STANDARD = gnu11;
				GCC_DYNAMIC_NO_PIC = NO;
				GCC_NO_COMMON_BLOCKS = YES;
				GCC_OPTIMIZATION_LEVEL = 0;
				GCC_PREPROCESSOR_DEFINITIONS = (
					"DEBUG=1",
					"$(inherited)",
				);
				GCC_WARN_64_TO_32_BIT_CONVERSION = YES;
				GCC_WARN_ABOUT_RETURN_TYPE = YES_ERROR;
				GCC_WARN_UNDECLARED_SELECTOR = YES;
				GCC_WARN_UNINITIALIZED_AUTOS = YES_AGGRESSIVE;
				GCC_WARN_UNUSED_FUNCTION = YES;
				GCC_WARN_UNUSED_VARIABLE = YES;
				IPHONEOS_DEPLOYMENT_TARGET = 16.2;
				MTL_ENABLE_DEBUG_INFO = INCLUDE_SOURCE;
				MTL_FAST_MATH = YES;
				ONLY_ACTIVE_ARCH = YES;
				SDKROOT = iphoneos;
				SWIFT_ACTIVE_COMPILATION_CONDITIONS = DEBUG;
				SWIFT_OPTIMIZATION_LEVEL = "-Onone";
			};
			name = Debug;
		};
		9E76B1602A18EBD50002C7BB /* Release */ = {
			isa = XCBuildConfiguration;
			buildSettings = {
				ALWAYS_SEARCH_USER_PATHS = NO;
				CLANG_ANALYZER_NONNULL = YES;
				CLANG_ANALYZER_NUMBER_OBJECT_CONVERSION = YES_AGGRESSIVE;
				CLANG_CXX_LANGUAGE_STANDARD = "gnu++20";
				CLANG_ENABLE_MODULES = YES;
				CLANG_ENABLE_OBJC_ARC = YES;
				CLANG_ENABLE_OBJC_WEAK = YES;
				CLANG_WARN_BLOCK_CAPTURE_AUTORELEASING = YES;
				CLANG_WARN_BOOL_CONVERSION = YES;
				CLANG_WARN_COMMA = YES;
				CLANG_WARN_CONSTANT_CONVERSION = YES;
				CLANG_WARN_DEPRECATED_OBJC_IMPLEMENTATIONS = YES;
				CLANG_WARN_DIRECT_OBJC_ISA_USAGE = YES_ERROR;
				CLANG_WARN_DOCUMENTATION_COMMENTS = YES;
				CLANG_WARN_EMPTY_BODY = YES;
				CLANG_WARN_ENUM_CONVERSION = YES;
				CLANG_WARN_INFINITE_RECURSION = YES;
				CLANG_WARN_INT_CONVERSION = YES;
				CLANG_WARN_NON_LITERAL_NULL_CONVERSION = YES;
				CLANG_WARN_OBJC_IMPLICIT_RETAIN_SELF = YES;
				CLANG_WARN_OBJC_LITERAL_CONVERSION = YES;
				CLANG_WARN_OBJC_ROOT_CLASS = YES_ERROR;
				CLANG_WARN_QUOTED_INCLUDE_IN_FRAMEWORK_HEADER = YES;
				CLANG_WARN_RANGE_LOOP_ANALYSIS = YES;
				CLANG_WARN_STRICT_PROTOTYPES = YES;
				CLANG_WARN_SUSPICIOUS_MOVE = YES;
				CLANG_WARN_UNGUARDED_AVAILABILITY = YES_AGGRESSIVE;
				CLANG_WARN_UNREACHABLE_CODE = YES;
				CLANG_WARN__DUPLICATE_METHOD_MATCH = YES;
				COPY_PHASE_STRIP = NO;
				DEBUG_INFORMATION_FORMAT = "dwarf-with-dsym";
				ENABLE_NS_ASSERTIONS = NO;
				ENABLE_STRICT_OBJC_MSGSEND = YES;
				GCC_C_LANGUAGE_STANDARD = gnu11;
				GCC_NO_COMMON_BLOCKS = YES;
				GCC_WARN_64_TO_32_BIT_CONVERSION = YES;
				GCC_WARN_ABOUT_RETURN_TYPE = YES_ERROR;
				GCC_WARN_UNDECLARED_SELECTOR = YES;
				GCC_WARN_UNINITIALIZED_AUTOS = YES_AGGRESSIVE;
				GCC_WARN_UNUSED_FUNCTION = YES;
				GCC_WARN_UNUSED_VARIABLE = YES;
				IPHONEOS_DEPLOYMENT_TARGET = 16.2;
				MTL_ENABLE_DEBUG_INFO = NO;
				MTL_FAST_MATH = YES;
				SDKROOT = iphoneos;
				SWIFT_COMPILATION_MODE = wholemodule;
				SWIFT_OPTIMIZATION_LEVEL = "-O";
				VALIDATE_PRODUCT = YES;
			};
			name = Release;
		};
		9E76B1622A18EBD50002C7BB /* Debug */ = {
			isa = XCBuildConfiguration;
			buildSettings = {
				ASSETCATALOG_COMPILER_APPICON_NAME = AppIcon;
				ASSETCATALOG_COMPILER_GLOBAL_ACCENT_COLOR_NAME = AccentColor;
				CODE_SIGN_STYLE = Automatic;
				CURRENT_PROJECT_VERSION = 1;
				GENERATE_INFOPLIST_FILE = YES;
				INFOPLIST_FILE = iOS_MvvmPattern_Study/Info.plist;
				INFOPLIST_KEY_UIApplicationSupportsIndirectInputEvents = YES;
				INFOPLIST_KEY_UILaunchStoryboardName = LaunchScreen;
				INFOPLIST_KEY_UISupportedInterfaceOrientations_iPad = "UIInterfaceOrientationPortrait UIInterfaceOrientationPortraitUpsideDown UIInterfaceOrientationLandscapeLeft UIInterfaceOrientationLandscapeRight";
				INFOPLIST_KEY_UISupportedInterfaceOrientations_iPhone = "UIInterfaceOrientationPortrait UIInterfaceOrientationLandscapeLeft UIInterfaceOrientationLandscapeRight";
				LD_RUNPATH_SEARCH_PATHS = (
					"$(inherited)",
					"@executable_path/Frameworks",
				);
				MARKETING_VERSION = 1.0;
				PRODUCT_BUNDLE_IDENTIFIER = "yeo.iOS-MvvmPattern-Study";
				PRODUCT_NAME = "$(TARGET_NAME)";
				SWIFT_EMIT_LOC_STRINGS = YES;
				SWIFT_VERSION = 5.0;
				TARGETED_DEVICE_FAMILY = "1,2";
			};
			name = Debug;
		};
		9E76B1632A18EBD50002C7BB /* Release */ = {
			isa = XCBuildConfiguration;
			buildSettings = {
				ASSETCATALOG_COMPILER_APPICON_NAME = AppIcon;
				ASSETCATALOG_COMPILER_GLOBAL_ACCENT_COLOR_NAME = AccentColor;
				CODE_SIGN_STYLE = Automatic;
				CURRENT_PROJECT_VERSION = 1;
				GENERATE_INFOPLIST_FILE = YES;
				INFOPLIST_FILE = iOS_MvvmPattern_Study/Info.plist;
				INFOPLIST_KEY_UIApplicationSupportsIndirectInputEvents = YES;
				INFOPLIST_KEY_UILaunchStoryboardName = LaunchScreen;
				INFOPLIST_KEY_UISupportedInterfaceOrientations_iPad = "UIInterfaceOrientationPortrait UIInterfaceOrientationPortraitUpsideDown UIInterfaceOrientationLandscapeLeft UIInterfaceOrientationLandscapeRight";
				INFOPLIST_KEY_UISupportedInterfaceOrientations_iPhone = "UIInterfaceOrientationPortrait UIInterfaceOrientationLandscapeLeft UIInterfaceOrientationLandscapeRight";
				LD_RUNPATH_SEARCH_PATHS = (
					"$(inherited)",
					"@executable_path/Frameworks",
				);
				MARKETING_VERSION = 1.0;
				PRODUCT_BUNDLE_IDENTIFIER = "yeo.iOS-MvvmPattern-Study";
				PRODUCT_NAME = "$(TARGET_NAME)";
				SWIFT_EMIT_LOC_STRINGS = YES;
				SWIFT_VERSION = 5.0;
				TARGETED_DEVICE_FAMILY = "1,2";
			};
			name = Release;
		};
		9E76B1652A18EBD50002C7BB /* Debug */ = {
			isa = XCBuildConfiguration;
			buildSettings = {
				ALWAYS_EMBED_SWIFT_STANDARD_LIBRARIES = YES;
				BUNDLE_LOADER = "$(TEST_HOST)";
				CODE_SIGN_STYLE = Automatic;
				CURRENT_PROJECT_VERSION = 1;
				GENERATE_INFOPLIST_FILE = YES;
				IPHONEOS_DEPLOYMENT_TARGET = 16.2;
				MARKETING_VERSION = 1.0;
				PRODUCT_BUNDLE_IDENTIFIER = "yeo.iOS-MvvmPattern-StudyTests";
				PRODUCT_NAME = "$(TARGET_NAME)";
				SWIFT_EMIT_LOC_STRINGS = NO;
				SWIFT_VERSION = 5.0;
				TARGETED_DEVICE_FAMILY = "1,2";
				TEST_HOST = "$(BUILT_PRODUCTS_DIR)/iOS_MvvmPattern_Study.app/$(BUNDLE_EXECUTABLE_FOLDER_PATH)/iOS_MvvmPattern_Study";
			};
			name = Debug;
		};
		9E76B1662A18EBD50002C7BB /* Release */ = {
			isa = XCBuildConfiguration;
			buildSettings = {
				ALWAYS_EMBED_SWIFT_STANDARD_LIBRARIES = YES;
				BUNDLE_LOADER = "$(TEST_HOST)";
				CODE_SIGN_STYLE = Automatic;
				CURRENT_PROJECT_VERSION = 1;
				GENERATE_INFOPLIST_FILE = YES;
				IPHONEOS_DEPLOYMENT_TARGET = 16.2;
				MARKETING_VERSION = 1.0;
				PRODUCT_BUNDLE_IDENTIFIER = "yeo.iOS-MvvmPattern-StudyTests";
				PRODUCT_NAME = "$(TARGET_NAME)";
				SWIFT_EMIT_LOC_STRINGS = NO;
				SWIFT_VERSION = 5.0;
				TARGETED_DEVICE_FAMILY = "1,2";
				TEST_HOST = "$(BUILT_PRODUCTS_DIR)/iOS_MvvmPattern_Study.app/$(BUNDLE_EXECUTABLE_FOLDER_PATH)/iOS_MvvmPattern_Study";
			};
			name = Release;
		};
		9E76B1682A18EBD50002C7BB /* Debug */ = {
			isa = XCBuildConfiguration;
			buildSettings = {
				ALWAYS_EMBED_SWIFT_STANDARD_LIBRARIES = YES;
				CODE_SIGN_STYLE = Automatic;
				CURRENT_PROJECT_VERSION = 1;
				GENERATE_INFOPLIST_FILE = YES;
				MARKETING_VERSION = 1.0;
				PRODUCT_BUNDLE_IDENTIFIER = "yeo.iOS-MvvmPattern-StudyUITests";
				PRODUCT_NAME = "$(TARGET_NAME)";
				SWIFT_EMIT_LOC_STRINGS = NO;
				SWIFT_VERSION = 5.0;
				TARGETED_DEVICE_FAMILY = "1,2";
				TEST_TARGET_NAME = iOS_MvvmPattern_Study;
			};
			name = Debug;
		};
		9E76B1692A18EBD50002C7BB /* Release */ = {
			isa = XCBuildConfiguration;
			buildSettings = {
				ALWAYS_EMBED_SWIFT_STANDARD_LIBRARIES = YES;
				CODE_SIGN_STYLE = Automatic;
				CURRENT_PROJECT_VERSION = 1;
				GENERATE_INFOPLIST_FILE = YES;
				MARKETING_VERSION = 1.0;
				PRODUCT_BUNDLE_IDENTIFIER = "yeo.iOS-MvvmPattern-StudyUITests";
				PRODUCT_NAME = "$(TARGET_NAME)";
				SWIFT_EMIT_LOC_STRINGS = NO;
				SWIFT_VERSION = 5.0;
				TARGETED_DEVICE_FAMILY = "1,2";
				TEST_TARGET_NAME = iOS_MvvmPattern_Study;
			};
			name = Release;
		};
/* End XCBuildConfiguration section */

/* Begin XCConfigurationList section */
		9E76B1322A18EBD50002C7BB /* Build configuration list for PBXProject "iOS_MvvmPattern_Study" */ = {
			isa = XCConfigurationList;
			buildConfigurations = (
				9E76B15F2A18EBD50002C7BB /* Debug */,
				9E76B1602A18EBD50002C7BB /* Release */,
			);
			defaultConfigurationIsVisible = 0;
			defaultConfigurationName = Release;
		};
		9E76B1612A18EBD50002C7BB /* Build configuration list for PBXNativeTarget "iOS_MvvmPattern_Study" */ = {
			isa = XCConfigurationList;
			buildConfigurations = (
				9E76B1622A18EBD50002C7BB /* Debug */,
				9E76B1632A18EBD50002C7BB /* Release */,
			);
			defaultConfigurationIsVisible = 0;
			defaultConfigurationName = Release;
		};
		9E76B1642A18EBD50002C7BB /* Build configuration list for PBXNativeTarget "iOS_MvvmPattern_StudyTests" */ = {
			isa = XCConfigurationList;
			buildConfigurations = (
				9E76B1652A18EBD50002C7BB /* Debug */,
				9E76B1662A18EBD50002C7BB /* Release */,
			);
			defaultConfigurationIsVisible = 0;
			defaultConfigurationName = Release;
		};
		9E76B1672A18EBD50002C7BB /* Build configuration list for PBXNativeTarget "iOS_MvvmPattern_StudyUITests" */ = {
			isa = XCConfigurationList;
			buildConfigurations = (
				9E76B1682A18EBD50002C7BB /* Debug */,
				9E76B1692A18EBD50002C7BB /* Release */,
			);
			defaultConfigurationIsVisible = 0;
			defaultConfigurationName = Release;
		};
/* End XCConfigurationList section */
	};
	rootObject = 9E76B12F2A18EBD50002C7BB /* Project object */;
}
